// !$*UTF8*$!
{
	archiveVersion = 1;
	classes = {
	};
	objectVersion = 52;
	objects = {

/* Begin PBXBuildFile section */
		3105B2FF27B619E8001DA13F /* ASL_Where_0_5strain.mlmodel in Sources */ = {isa = PBXBuildFile; fileRef = 3105B2FE27B619E8001DA13F /* ASL_Where_0_5strain.mlmodel */; };
		3105B30327B62853001DA13F /* ASL_Bathroom_0_5strain.mlmodel in Sources */ = {isa = PBXBuildFile; fileRef = 3105B30227B62853001DA13F /* ASL_Bathroom_0_5strain.mlmodel */; };
		3105B30527B628EB001DA13F /* ASL_Goodbye_0_5strain.mlmodel in Sources */ = {isa = PBXBuildFile; fileRef = 3105B30427B628EB001DA13F /* ASL_Goodbye_0_5strain.mlmodel */; };
		3105B30727B63F19001DA13F /* ASL_Milk_0_5strain.mlmodel in Sources */ = {isa = PBXBuildFile; fileRef = 3105B30627B63F19001DA13F /* ASL_Milk_0_5strain.mlmodel */; };
		3105B30F27B6489B001DA13F /* AppDelegate.swift in Sources */ = {isa = PBXBuildFile; fileRef = 3105B30E27B6489B001DA13F /* AppDelegate.swift */; };
		3105B31127B6489B001DA13F /* SceneDelegate.swift in Sources */ = {isa = PBXBuildFile; fileRef = 3105B31027B6489B001DA13F /* SceneDelegate.swift */; };
		3105B31327B6489B001DA13F /* ViewController.swift in Sources */ = {isa = PBXBuildFile; fileRef = 3105B31227B6489B001DA13F /* ViewController.swift */; };
		3105B31627B6489B001DA13F /* Main_xcode_created.storyboard in Resources */ = {isa = PBXBuildFile; fileRef = 3105B31427B6489B001DA13F /* Main_xcode_created.storyboard */; };
		3105B31827B6489D001DA13F /* Assets.xcassets in Resources */ = {isa = PBXBuildFile; fileRef = 3105B31727B6489D001DA13F /* Assets.xcassets */; };
		3105B31B27B6489D001DA13F /* LaunchScreen.storyboard in Resources */ = {isa = PBXBuildFile; fileRef = 3105B31927B6489D001DA13F /* LaunchScreen.storyboard */; };
		3105B32727B6489E001DA13F /* RecognizeOneSignCipTests.swift in Sources */ = {isa = PBXBuildFile; fileRef = 3105B32627B6489E001DA13F /* RecognizeOneSignCipTests.swift */; };
		3105B33127B6489E001DA13F /* RecognizeOneSignCipUITests.swift in Sources */ = {isa = PBXBuildFile; fileRef = 3105B33027B6489E001DA13F /* RecognizeOneSignCipUITests.swift */; };
		3105B33327B6489E001DA13F /* RecognizeOneSignCipUITestsLaunchTests.swift in Sources */ = {isa = PBXBuildFile; fileRef = 3105B33227B6489E001DA13F /* RecognizeOneSignCipUITestsLaunchTests.swift */; };
		3105B34227B648E8001DA13F /* Content.swift in Sources */ = {isa = PBXBuildFile; fileRef = 3133B17127B55FE600C5432E /* Content.swift */; };
		3105B34327B648F1001DA13F /* CameraView.swift in Sources */ = {isa = PBXBuildFile; fileRef = C475655A248AEBD800F111B8 /* CameraView.swift */; };
		3105B34527B6491E001DA13F /* HandGestureProcessor.swift in Sources */ = {isa = PBXBuildFile; fileRef = C475655B248AEBD800F111B8 /* HandGestureProcessor.swift */; };
		3105B34727B64935001DA13F /* MyNavigationController.swift in Sources */ = {isa = PBXBuildFile; fileRef = 31E1592F2731B2C300984649 /* MyNavigationController.swift */; };
		3105B34B27B64D30001DA13F /* Main.storyboard in Resources */ = {isa = PBXBuildFile; fileRef = 3105B34927B64D30001DA13F /* Main.storyboard */; };
		3105B34D27B64D90001DA13F /* CameraViewController.swift in Sources */ = {isa = PBXBuildFile; fileRef = 3105B34C27B64D90001DA13F /* CameraViewController.swift */; };
		3105B35027B66575001DA13F /* FirebaseAnalytics in Frameworks */ = {isa = PBXBuildFile; productRef = 3105B34F27B66575001DA13F /* FirebaseAnalytics */; };
		3105B35227B66575001DA13F /* FirebaseAnalyticsSwift-Beta in Frameworks */ = {isa = PBXBuildFile; productRef = 3105B35127B66575001DA13F /* FirebaseAnalyticsSwift-Beta */; };
		3105B35527B66B12001DA13F /* GoogleService-Info.plist in Resources */ = {isa = PBXBuildFile; fileRef = 314D2F1A27B56FCD00EF7D3A /* GoogleService-Info.plist */; };
		3105B35727B68F19001DA13F /* ASL_ILoveYou.mlmodel in Sources */ = {isa = PBXBuildFile; fileRef = 3105B35627B68F19001DA13F /* ASL_ILoveYou.mlmodel */; };
		3129F6D7291158A400775CC3 /* ASL_Judge2_1strain.mlmodel in Sources */ = {isa = PBXBuildFile; fileRef = 3129F6D6291158A300775CC3 /* ASL_Judge2_1strain.mlmodel */; };
		3129F6D9291158BF00775CC3 /* ASL_Halloween2_1strain.mlmodel in Sources */ = {isa = PBXBuildFile; fileRef = 3129F6D8291158BE00775CC3 /* ASL_Halloween2_1strain.mlmodel */; };
		3129F6DB291158D200775CC3 /* ASL_Soccer1_1strain.mlmodel in Sources */ = {isa = PBXBuildFile; fileRef = 3129F6DA291158D100775CC3 /* ASL_Soccer1_1strain.mlmodel */; };
		312DF67428C3A0EC00260E85 /* ASL_Teacher_1_5strain.mlmodel in Sources */ = {isa = PBXBuildFile; fileRef = 312DF67328C3A0EC00260E85 /* ASL_Teacher_1_5strain.mlmodel */; };
		3133B11B27B55E9500C5432E /* ASL_AIY7.mlmodel in Sources */ = {isa = PBXBuildFile; fileRef = 3133B0F227B55E9300C5432E /* ASL_AIY7.mlmodel */; };
		3133B11F27B55E9500C5432E /* ASL_I2.mlmodel in Sources */ = {isa = PBXBuildFile; fileRef = 3133B0F627B55E9300C5432E /* ASL_I2.mlmodel */; };
		3133B12527B55E9500C5432E /* ASL_D.mlmodel in Sources */ = {isa = PBXBuildFile; fileRef = 3133B0FC27B55E9300C5432E /* ASL_D.mlmodel */; };
		3133B16527B55ECF00C5432E /* ASL_Which.mlmodel in Sources */ = {isa = PBXBuildFile; fileRef = 3133B14D27B55ECE00C5432E /* ASL_Which.mlmodel */; };
		3133B16A27B55ECF00C5432E /* ASL_YourWelcome2.mlmodel in Sources */ = {isa = PBXBuildFile; fileRef = 3133B15227B55ECE00C5432E /* ASL_YourWelcome2.mlmodel */; };
		3133B17227B55FE600C5432E /* Content.swift in Sources */ = {isa = PBXBuildFile; fileRef = 3133B17127B55FE600C5432E /* Content.swift */; };
		3133B17427B560D200C5432E /* MyTableViewCell.swift in Sources */ = {isa = PBXBuildFile; fileRef = 3133B17327B560D100C5432E /* MyTableViewCell.swift */; };
		31367544283BEB14002806A1 /* ASL_Celebrate.mlmodel in Sources */ = {isa = PBXBuildFile; fileRef = 31367543283BEB14002806A1 /* ASL_Celebrate.mlmodel */; };
		314D2F1B27B56FCD00EF7D3A /* GoogleService-Info.plist in Resources */ = {isa = PBXBuildFile; fileRef = 314D2F1A27B56FCD00EF7D3A /* GoogleService-Info.plist */; };
		314D2F1E27B5722600EF7D3A /* FirebaseAnalytics in Frameworks */ = {isa = PBXBuildFile; productRef = 314D2F1D27B5722600EF7D3A /* FirebaseAnalytics */; };
		314D2F2027B5722600EF7D3A /* FirebaseAnalyticsSwift-Beta in Frameworks */ = {isa = PBXBuildFile; productRef = 314D2F1F27B5722600EF7D3A /* FirebaseAnalyticsSwift-Beta */; };
		314D2F2227B58B3B00EF7D3A /* ASL_Later_0_5strain.mlmodel in Sources */ = {isa = PBXBuildFile; fileRef = 314D2F2127B58B3A00EF7D3A /* ASL_Later_0_5strain.mlmodel */; };
		315CFC4627FA93BD002A1733 /* ASL_Ambulance_1strain.mlmodel in Sources */ = {isa = PBXBuildFile; fileRef = 315CFC4527FA93BD002A1733 /* ASL_Ambulance_1strain.mlmodel */; };
		315CFC4827FB24BC002A1733 /* ASL_Easter_1strain.mlmodel in Sources */ = {isa = PBXBuildFile; fileRef = 315CFC4727FB24BC002A1733 /* ASL_Easter_1strain.mlmodel */; };
		315E792C27D1C54000BCDBCF /* ASL_L2.mlmodel in Sources */ = {isa = PBXBuildFile; fileRef = 315E792B27D1C54000BCDBCF /* ASL_L2.mlmodel */; };
		315E793427D5246900BCDBCF /* ASL_HOLI10.mlmodel in Sources */ = {isa = PBXBuildFile; fileRef = 315E793327D5246900BCDBCF /* ASL_HOLI10.mlmodel */; };
		315E793C27DDDFF500BCDBCF /* ASL_YourWelcome2_0_5strain.mlmodel in Sources */ = {isa = PBXBuildFile; fileRef = 315E793B27DDDFF500BCDBCF /* ASL_YourWelcome2_0_5strain.mlmodel */; };
		319D4EE4281053A8005DEF29 /* ASL_Fire_1strain.mlmodel in Sources */ = {isa = PBXBuildFile; fileRef = 319D4EE3281053A8005DEF29 /* ASL_Fire_1strain.mlmodel */; };
		319D4EE828110769005DEF29 /* ASL_E10.mlmodel in Sources */ = {isa = PBXBuildFile; fileRef = 319D4EE728110769005DEF29 /* ASL_E10.mlmodel */; };
		319F769127B5624D0072850D /* ASL_Yes_0_5strain.mlmodel in Sources */ = {isa = PBXBuildFile; fileRef = 319F768F27B5624C0072850D /* ASL_Yes_0_5strain.mlmodel */; };
		319F769227B5624D0072850D /* ASL_No_0_5strain.mlmodel in Sources */ = {isa = PBXBuildFile; fileRef = 319F769027B5624D0072850D /* ASL_No_0_5strain.mlmodel */; };
		31AA5E03286D688B00B65342 /* ASL_Tennis2_1_5strain.mlmodel in Sources */ = {isa = PBXBuildFile; fileRef = 31AA5E02286D688B00B65342 /* ASL_Tennis2_1_5strain.mlmodel */; };
		31B1B1BF29556FDB0048819E /* ASL_Christmas3_1strain.mlmodel in Sources */ = {isa = PBXBuildFile; fileRef = 31B1B1BE29556FDB0048819E /* ASL_Christmas3_1strain.mlmodel */; };
		31C1D695292FF07800CB5BA7 /* ASL_ThanksgivingTurkey2_1strain.mlmodel in Sources */ = {isa = PBXBuildFile; fileRef = 31C1D694292FF07800CB5BA7 /* ASL_ThanksgivingTurkey2_1strain.mlmodel */; };
		31CFCBA828316BEA008EA0E0 /* ASL_ILoveYou3.mlmodel in Sources */ = {isa = PBXBuildFile; fileRef = 31CFCBA728316BEA008EA0E0 /* ASL_ILoveYou3.mlmodel */; };
		31E15918272E27E000984649 /* ASL_Z2s_1strain.mlmodel in Sources */ = {isa = PBXBuildFile; fileRef = 31E15917272E27E000984649 /* ASL_Z2s_1strain.mlmodel */; };
		31E15920272EBA8500984649 /* ASL_J2s_1strain.mlmodel in Sources */ = {isa = PBXBuildFile; fileRef = 31E1591F272EBA8500984649 /* ASL_J2s_1strain.mlmodel */; };
		31E159262730283000984649 /* ASL_CO2.mlmodel in Sources */ = {isa = PBXBuildFile; fileRef = 31E159252730282F00984649 /* ASL_CO2.mlmodel */; };
		31E15928273070F200984649 /* ContentTableViewController.swift in Sources */ = {isa = PBXBuildFile; fileRef = 31E15927273070F200984649 /* ContentTableViewController.swift */; };
		31E1592C27312C8D00984649 /* CustomTextViewController.swift in Sources */ = {isa = PBXBuildFile; fileRef = 31E1592B27312C8D00984649 /* CustomTextViewController.swift */; };
		31E159302731B2C300984649 /* MyNavigationController.swift in Sources */ = {isa = PBXBuildFile; fileRef = 31E1592F2731B2C300984649 /* MyNavigationController.swift */; };
		31EAADC22927DA70004A9D9E /* ISL_Soccer_2strain.mlmodel in Sources */ = {isa = PBXBuildFile; fileRef = 31EAADC12927DA70004A9D9E /* ISL_Soccer_2strain.mlmodel */; };
		C475655D248AEBD900F111B8 /* CameraView.swift in Sources */ = {isa = PBXBuildFile; fileRef = C475655A248AEBD800F111B8 /* CameraView.swift */; };
		C475655E248AEBD900F111B8 /* HandGestureProcessor.swift in Sources */ = {isa = PBXBuildFile; fileRef = C475655B248AEBD800F111B8 /* HandGestureProcessor.swift */; };
		C475655F248AEBD900F111B8 /* CameraViewController.swift in Sources */ = {isa = PBXBuildFile; fileRef = C475655C248AEBD900F111B8 /* CameraViewController.swift */; };
		C4EB82EB248AEB7B00CD7D41 /* AppDelegate.swift in Sources */ = {isa = PBXBuildFile; fileRef = C4EB82EA248AEB7B00CD7D41 /* AppDelegate.swift */; };
		C4EB82ED248AEB7B00CD7D41 /* SceneDelegate.swift in Sources */ = {isa = PBXBuildFile; fileRef = C4EB82EC248AEB7B00CD7D41 /* SceneDelegate.swift */; };
		C4EB82F2248AEB7B00CD7D41 /* Main.storyboard in Resources */ = {isa = PBXBuildFile; fileRef = C4EB82F0248AEB7B00CD7D41 /* Main.storyboard */; };
		C4EB82F4248AEB7B00CD7D41 /* Assets.xcassets in Resources */ = {isa = PBXBuildFile; fileRef = C4EB82F3248AEB7B00CD7D41 /* Assets.xcassets */; };
		C4EB82F7248AEB7B00CD7D41 /* LaunchScreen.storyboard in Resources */ = {isa = PBXBuildFile; fileRef = C4EB82F5248AEB7B00CD7D41 /* LaunchScreen.storyboard */; };
/* End PBXBuildFile section */

/* Begin PBXContainerItemProxy section */
		3105B32327B6489E001DA13F /* PBXContainerItemProxy */ = {
			isa = PBXContainerItemProxy;
			containerPortal = C4EB82DF248AEB7B00CD7D41 /* Project object */;
			proxyType = 1;
			remoteGlobalIDString = 3105B30B27B6489B001DA13F;
			remoteInfo = RecognizeOneSignCip;
		};
		3105B32D27B6489E001DA13F /* PBXContainerItemProxy */ = {
			isa = PBXContainerItemProxy;
			containerPortal = C4EB82DF248AEB7B00CD7D41 /* Project object */;
			proxyType = 1;
			remoteGlobalIDString = 3105B30B27B6489B001DA13F;
			remoteInfo = RecognizeOneSignCip;
		};
/* End PBXContainerItemProxy section */

/* Begin PBXCopyFilesBuildPhase section */
		3105B33A27B6489E001DA13F /* Embed App Clips */ = {
			isa = PBXCopyFilesBuildPhase;
			buildActionMask = 2147483647;
			dstPath = "$(CONTENTS_FOLDER_PATH)/AppClips";
			dstSubfolderSpec = 16;
			files = (
			);
			name = "Embed App Clips";
			runOnlyForDeploymentPostprocessing = 0;
		};
/* End PBXCopyFilesBuildPhase section */

/* Begin PBXFileReference section */
		26547FACF06954AF783E23D9 /* LICENSE.txt */ = {isa = PBXFileReference; includeInIndex = 1; lastKnownFileType = text; path = LICENSE.txt; sourceTree = "<group>"; };
		3105B2FE27B619E8001DA13F /* ASL_Where_0_5strain.mlmodel */ = {isa = PBXFileReference; lastKnownFileType = file.mlmodel; path = ASL_Where_0_5strain.mlmodel; sourceTree = "<group>"; };
		3105B30227B62853001DA13F /* ASL_Bathroom_0_5strain.mlmodel */ = {isa = PBXFileReference; lastKnownFileType = file.mlmodel; path = ASL_Bathroom_0_5strain.mlmodel; sourceTree = "<group>"; };
		3105B30427B628EB001DA13F /* ASL_Goodbye_0_5strain.mlmodel */ = {isa = PBXFileReference; lastKnownFileType = file.mlmodel; path = ASL_Goodbye_0_5strain.mlmodel; sourceTree = "<group>"; };
		3105B30627B63F19001DA13F /* ASL_Milk_0_5strain.mlmodel */ = {isa = PBXFileReference; lastKnownFileType = file.mlmodel; path = ASL_Milk_0_5strain.mlmodel; sourceTree = "<group>"; };
		3105B30C27B6489B001DA13F /* RecognizeOneSignCip.app */ = {isa = PBXFileReference; explicitFileType = wrapper.application; includeInIndex = 0; path = RecognizeOneSignCip.app; sourceTree = BUILT_PRODUCTS_DIR; };
		3105B30E27B6489B001DA13F /* AppDelegate.swift */ = {isa = PBXFileReference; lastKnownFileType = sourcecode.swift; path = AppDelegate.swift; sourceTree = "<group>"; };
		3105B31027B6489B001DA13F /* SceneDelegate.swift */ = {isa = PBXFileReference; lastKnownFileType = sourcecode.swift; path = SceneDelegate.swift; sourceTree = "<group>"; };
		3105B31227B6489B001DA13F /* ViewController.swift */ = {isa = PBXFileReference; lastKnownFileType = sourcecode.swift; path = ViewController.swift; sourceTree = "<group>"; };
		3105B31527B6489B001DA13F /* Base */ = {isa = PBXFileReference; lastKnownFileType = file.storyboard; name = Base; path = Base.lproj/Main_xcode_created.storyboard; sourceTree = "<group>"; };
		3105B31727B6489D001DA13F /* Assets.xcassets */ = {isa = PBXFileReference; lastKnownFileType = folder.assetcatalog; path = Assets.xcassets; sourceTree = "<group>"; };
		3105B31A27B6489D001DA13F /* Base */ = {isa = PBXFileReference; lastKnownFileType = file.storyboard; name = Base; path = Base.lproj/LaunchScreen.storyboard; sourceTree = "<group>"; };
		3105B31C27B6489D001DA13F /* Info.plist */ = {isa = PBXFileReference; lastKnownFileType = text.plist.xml; path = Info.plist; sourceTree = "<group>"; };
		3105B31D27B6489D001DA13F /* RecognizeOneSignCip.entitlements */ = {isa = PBXFileReference; lastKnownFileType = text.plist.entitlements; path = RecognizeOneSignCip.entitlements; sourceTree = "<group>"; };
		3105B32227B6489D001DA13F /* RecognizeOneSignCipTests.xctest */ = {isa = PBXFileReference; explicitFileType = wrapper.cfbundle; includeInIndex = 0; path = RecognizeOneSignCipTests.xctest; sourceTree = BUILT_PRODUCTS_DIR; };
		3105B32627B6489E001DA13F /* RecognizeOneSignCipTests.swift */ = {isa = PBXFileReference; lastKnownFileType = sourcecode.swift; path = RecognizeOneSignCipTests.swift; sourceTree = "<group>"; };
		3105B32C27B6489E001DA13F /* RecognizeOneSignCipUITests.xctest */ = {isa = PBXFileReference; explicitFileType = wrapper.cfbundle; includeInIndex = 0; path = RecognizeOneSignCipUITests.xctest; sourceTree = BUILT_PRODUCTS_DIR; };
		3105B33027B6489E001DA13F /* RecognizeOneSignCipUITests.swift */ = {isa = PBXFileReference; lastKnownFileType = sourcecode.swift; path = RecognizeOneSignCipUITests.swift; sourceTree = "<group>"; };
		3105B33227B6489E001DA13F /* RecognizeOneSignCipUITestsLaunchTests.swift */ = {isa = PBXFileReference; lastKnownFileType = sourcecode.swift; path = RecognizeOneSignCipUITestsLaunchTests.swift; sourceTree = "<group>"; };
		3105B34A27B64D30001DA13F /* Base */ = {isa = PBXFileReference; lastKnownFileType = file.storyboard; name = Base; path = Base.lproj/Main.storyboard; sourceTree = "<group>"; };
		3105B34C27B64D90001DA13F /* CameraViewController.swift */ = {isa = PBXFileReference; fileEncoding = 4; lastKnownFileType = sourcecode.swift; path = CameraViewController.swift; sourceTree = "<group>"; };
		3105B35627B68F19001DA13F /* ASL_ILoveYou.mlmodel */ = {isa = PBXFileReference; lastKnownFileType = file.mlmodel; path = ASL_ILoveYou.mlmodel; sourceTree = "<group>"; };
		3129F6D6291158A300775CC3 /* ASL_Judge2_1strain.mlmodel */ = {isa = PBXFileReference; lastKnownFileType = file.mlmodel; path = ASL_Judge2_1strain.mlmodel; sourceTree = "<group>"; };
		3129F6D8291158BE00775CC3 /* ASL_Halloween2_1strain.mlmodel */ = {isa = PBXFileReference; lastKnownFileType = file.mlmodel; path = ASL_Halloween2_1strain.mlmodel; sourceTree = "<group>"; };
		3129F6DA291158D100775CC3 /* ASL_Soccer1_1strain.mlmodel */ = {isa = PBXFileReference; lastKnownFileType = file.mlmodel; path = ASL_Soccer1_1strain.mlmodel; sourceTree = "<group>"; };
		312DF67328C3A0EC00260E85 /* ASL_Teacher_1_5strain.mlmodel */ = {isa = PBXFileReference; lastKnownFileType = file.mlmodel; path = ASL_Teacher_1_5strain.mlmodel; sourceTree = "<group>"; };
		3133B0F227B55E9300C5432E /* ASL_AIY7.mlmodel */ = {isa = PBXFileReference; lastKnownFileType = file.mlmodel; path = ASL_AIY7.mlmodel; sourceTree = "<group>"; };
		3133B0F627B55E9300C5432E /* ASL_I2.mlmodel */ = {isa = PBXFileReference; lastKnownFileType = file.mlmodel; path = ASL_I2.mlmodel; sourceTree = "<group>"; };
		3133B0FC27B55E9300C5432E /* ASL_D.mlmodel */ = {isa = PBXFileReference; lastKnownFileType = file.mlmodel; path = ASL_D.mlmodel; sourceTree = "<group>"; };
		3133B14D27B55ECE00C5432E /* ASL_Which.mlmodel */ = {isa = PBXFileReference; lastKnownFileType = file.mlmodel; path = ASL_Which.mlmodel; sourceTree = "<group>"; };
		3133B15227B55ECE00C5432E /* ASL_YourWelcome2.mlmodel */ = {isa = PBXFileReference; lastKnownFileType = file.mlmodel; path = ASL_YourWelcome2.mlmodel; sourceTree = "<group>"; };
		3133B17127B55FE600C5432E /* Content.swift */ = {isa = PBXFileReference; fileEncoding = 4; lastKnownFileType = sourcecode.swift; path = Content.swift; sourceTree = "<group>"; };
		3133B17327B560D100C5432E /* MyTableViewCell.swift */ = {isa = PBXFileReference; fileEncoding = 4; lastKnownFileType = sourcecode.swift; path = MyTableViewCell.swift; sourceTree = "<group>"; };
		31367543283BEB14002806A1 /* ASL_Celebrate.mlmodel */ = {isa = PBXFileReference; lastKnownFileType = file.mlmodel; path = ASL_Celebrate.mlmodel; sourceTree = "<group>"; };
		314D2F1A27B56FCD00EF7D3A /* GoogleService-Info.plist */ = {isa = PBXFileReference; fileEncoding = 4; lastKnownFileType = text.plist.xml; path = "GoogleService-Info.plist"; sourceTree = "<group>"; };
		314D2F2127B58B3A00EF7D3A /* ASL_Later_0_5strain.mlmodel */ = {isa = PBXFileReference; lastKnownFileType = file.mlmodel; path = ASL_Later_0_5strain.mlmodel; sourceTree = "<group>"; };
		315CFC4527FA93BD002A1733 /* ASL_Ambulance_1strain.mlmodel */ = {isa = PBXFileReference; lastKnownFileType = file.mlmodel; path = ASL_Ambulance_1strain.mlmodel; sourceTree = "<group>"; };
		315CFC4727FB24BC002A1733 /* ASL_Easter_1strain.mlmodel */ = {isa = PBXFileReference; lastKnownFileType = file.mlmodel; path = ASL_Easter_1strain.mlmodel; sourceTree = "<group>"; };
		315E792B27D1C54000BCDBCF /* ASL_L2.mlmodel */ = {isa = PBXFileReference; lastKnownFileType = file.mlmodel; path = ASL_L2.mlmodel; sourceTree = "<group>"; };
		315E793327D5246900BCDBCF /* ASL_HOLI10.mlmodel */ = {isa = PBXFileReference; lastKnownFileType = file.mlmodel; path = ASL_HOLI10.mlmodel; sourceTree = "<group>"; };
		315E793B27DDDFF500BCDBCF /* ASL_YourWelcome2_0_5strain.mlmodel */ = {isa = PBXFileReference; lastKnownFileType = file.mlmodel; path = ASL_YourWelcome2_0_5strain.mlmodel; sourceTree = "<group>"; };
		319D4EE3281053A8005DEF29 /* ASL_Fire_1strain.mlmodel */ = {isa = PBXFileReference; lastKnownFileType = file.mlmodel; path = ASL_Fire_1strain.mlmodel; sourceTree = "<group>"; };
		319D4EE728110769005DEF29 /* ASL_E10.mlmodel */ = {isa = PBXFileReference; lastKnownFileType = file.mlmodel; path = ASL_E10.mlmodel; sourceTree = "<group>"; };
		319F768F27B5624C0072850D /* ASL_Yes_0_5strain.mlmodel */ = {isa = PBXFileReference; lastKnownFileType = file.mlmodel; path = ASL_Yes_0_5strain.mlmodel; sourceTree = "<group>"; };
		319F769027B5624D0072850D /* ASL_No_0_5strain.mlmodel */ = {isa = PBXFileReference; lastKnownFileType = file.mlmodel; path = ASL_No_0_5strain.mlmodel; sourceTree = "<group>"; };
		31AA5E02286D688B00B65342 /* ASL_Tennis2_1_5strain.mlmodel */ = {isa = PBXFileReference; lastKnownFileType = file.mlmodel; path = ASL_Tennis2_1_5strain.mlmodel; sourceTree = "<group>"; };
		31B1B1BE29556FDB0048819E /* ASL_Christmas3_1strain.mlmodel */ = {isa = PBXFileReference; lastKnownFileType = file.mlmodel; path = ASL_Christmas3_1strain.mlmodel; sourceTree = "<group>"; };
		31C1D694292FF07800CB5BA7 /* ASL_ThanksgivingTurkey2_1strain.mlmodel */ = {isa = PBXFileReference; lastKnownFileType = file.mlmodel; path = ASL_ThanksgivingTurkey2_1strain.mlmodel; sourceTree = "<group>"; };
		31CFCBA728316BEA008EA0E0 /* ASL_ILoveYou3.mlmodel */ = {isa = PBXFileReference; lastKnownFileType = file.mlmodel; path = ASL_ILoveYou3.mlmodel; sourceTree = "<group>"; };
		31E15917272E27E000984649 /* ASL_Z2s_1strain.mlmodel */ = {isa = PBXFileReference; lastKnownFileType = file.mlmodel; path = ASL_Z2s_1strain.mlmodel; sourceTree = "<group>"; };
		31E1591F272EBA8500984649 /* ASL_J2s_1strain.mlmodel */ = {isa = PBXFileReference; lastKnownFileType = file.mlmodel; path = ASL_J2s_1strain.mlmodel; sourceTree = "<group>"; };
		31E159252730282F00984649 /* ASL_CO2.mlmodel */ = {isa = PBXFileReference; lastKnownFileType = file.mlmodel; path = ASL_CO2.mlmodel; sourceTree = "<group>"; };
		31E15927273070F200984649 /* ContentTableViewController.swift */ = {isa = PBXFileReference; lastKnownFileType = sourcecode.swift; path = ContentTableViewController.swift; sourceTree = "<group>"; };
		31E1592B27312C8D00984649 /* CustomTextViewController.swift */ = {isa = PBXFileReference; lastKnownFileType = sourcecode.swift; path = CustomTextViewController.swift; sourceTree = "<group>"; };
		31E1592F2731B2C300984649 /* MyNavigationController.swift */ = {isa = PBXFileReference; lastKnownFileType = sourcecode.swift; path = MyNavigationController.swift; sourceTree = "<group>"; };
		31EAADC12927DA70004A9D9E /* ISL_Soccer_2strain.mlmodel */ = {isa = PBXFileReference; lastKnownFileType = file.mlmodel; path = ISL_Soccer_2strain.mlmodel; sourceTree = "<group>"; };
		72CC35B8245EF9E709BBCA67 /* SampleCode.xcconfig */ = {isa = PBXFileReference; lastKnownFileType = text.xcconfig; name = SampleCode.xcconfig; path = Configuration/SampleCode.xcconfig; sourceTree = "<group>"; };
		C475655A248AEBD800F111B8 /* CameraView.swift */ = {isa = PBXFileReference; fileEncoding = 4; lastKnownFileType = sourcecode.swift; path = CameraView.swift; sourceTree = "<group>"; };
		C475655B248AEBD800F111B8 /* HandGestureProcessor.swift */ = {isa = PBXFileReference; fileEncoding = 4; lastKnownFileType = sourcecode.swift; path = HandGestureProcessor.swift; sourceTree = "<group>"; };
		C475655C248AEBD900F111B8 /* CameraViewController.swift */ = {isa = PBXFileReference; fileEncoding = 4; lastKnownFileType = sourcecode.swift; path = CameraViewController.swift; sourceTree = "<group>"; };
		C4756560248AEC4100F111B8 /* HandPose.entitlements */ = {isa = PBXFileReference; lastKnownFileType = text.plist.entitlements; path = HandPose.entitlements; sourceTree = "<group>"; };
		C4EB82E7248AEB7B00CD7D41 /* HandPose.app */ = {isa = PBXFileReference; explicitFileType = wrapper.application; includeInIndex = 0; path = HandPose.app; sourceTree = BUILT_PRODUCTS_DIR; };
		C4EB82EA248AEB7B00CD7D41 /* AppDelegate.swift */ = {isa = PBXFileReference; lastKnownFileType = sourcecode.swift; path = AppDelegate.swift; sourceTree = "<group>"; };
		C4EB82EC248AEB7B00CD7D41 /* SceneDelegate.swift */ = {isa = PBXFileReference; lastKnownFileType = sourcecode.swift; path = SceneDelegate.swift; sourceTree = "<group>"; };
		C4EB82F1248AEB7B00CD7D41 /* Base */ = {isa = PBXFileReference; lastKnownFileType = file.storyboard; name = Base; path = Base.lproj/Main.storyboard; sourceTree = "<group>"; };
		C4EB82F3248AEB7B00CD7D41 /* Assets.xcassets */ = {isa = PBXFileReference; lastKnownFileType = folder.assetcatalog; path = Assets.xcassets; sourceTree = "<group>"; };
		C4EB82F6248AEB7B00CD7D41 /* Base */ = {isa = PBXFileReference; lastKnownFileType = file.storyboard; name = Base; path = Base.lproj/LaunchScreen.storyboard; sourceTree = "<group>"; };
		C4EB82F8248AEB7B00CD7D41 /* Info.plist */ = {isa = PBXFileReference; lastKnownFileType = text.plist.xml; path = Info.plist; sourceTree = "<group>"; };
/* End PBXFileReference section */

/* Begin PBXFrameworksBuildPhase section */
		3105B30927B6489B001DA13F /* Frameworks */ = {
			isa = PBXFrameworksBuildPhase;
			buildActionMask = 2147483647;
			files = (
				3105B35227B66575001DA13F /* FirebaseAnalyticsSwift-Beta in Frameworks */,
				3105B35027B66575001DA13F /* FirebaseAnalytics in Frameworks */,
			);
			runOnlyForDeploymentPostprocessing = 0;
		};
		3105B31F27B6489D001DA13F /* Frameworks */ = {
			isa = PBXFrameworksBuildPhase;
			buildActionMask = 2147483647;
			files = (
			);
			runOnlyForDeploymentPostprocessing = 0;
		};
		3105B32927B6489E001DA13F /* Frameworks */ = {
			isa = PBXFrameworksBuildPhase;
			buildActionMask = 2147483647;
			files = (
			);
			runOnlyForDeploymentPostprocessing = 0;
		};
		C4EB82E4248AEB7B00CD7D41 /* Frameworks */ = {
			isa = PBXFrameworksBuildPhase;
			buildActionMask = 2147483647;
			files = (
				314D2F2027B5722600EF7D3A /* FirebaseAnalyticsSwift-Beta in Frameworks */,
				314D2F1E27B5722600EF7D3A /* FirebaseAnalytics in Frameworks */,
			);
			runOnlyForDeploymentPostprocessing = 0;
		};
/* End PBXFrameworksBuildPhase section */

/* Begin PBXGroup section */
		3105B30D27B6489B001DA13F /* RecognizeOneSignCip */ = {
			isa = PBXGroup;
			children = (
				3105B35627B68F19001DA13F /* ASL_ILoveYou.mlmodel */,
				3105B34C27B64D90001DA13F /* CameraViewController.swift */,
				3105B34927B64D30001DA13F /* Main.storyboard */,
				3105B30E27B6489B001DA13F /* AppDelegate.swift */,
				3105B31027B6489B001DA13F /* SceneDelegate.swift */,
				3105B31227B6489B001DA13F /* ViewController.swift */,
				3105B31427B6489B001DA13F /* Main_xcode_created.storyboard */,
				3105B31727B6489D001DA13F /* Assets.xcassets */,
				3105B31927B6489D001DA13F /* LaunchScreen.storyboard */,
				3105B31C27B6489D001DA13F /* Info.plist */,
				3105B31D27B6489D001DA13F /* RecognizeOneSignCip.entitlements */,
			);
			path = RecognizeOneSignCip;
			sourceTree = "<group>";
		};
		3105B32527B6489E001DA13F /* RecognizeOneSignCipTests */ = {
			isa = PBXGroup;
			children = (
				3105B32627B6489E001DA13F /* RecognizeOneSignCipTests.swift */,
			);
			path = RecognizeOneSignCipTests;
			sourceTree = "<group>";
		};
		3105B32F27B6489E001DA13F /* RecognizeOneSignCipUITests */ = {
			isa = PBXGroup;
			children = (
				3105B33027B6489E001DA13F /* RecognizeOneSignCipUITests.swift */,
				3105B33227B6489E001DA13F /* RecognizeOneSignCipUITestsLaunchTests.swift */,
			);
			path = RecognizeOneSignCipUITests;
			sourceTree = "<group>";
		};
		3105B34E27B66575001DA13F /* Frameworks */ = {
			isa = PBXGroup;
			children = (
			);
			name = Frameworks;
			sourceTree = "<group>";
		};
		31E159312732807100984649 /* MLModels */ = {
			isa = PBXGroup;
			children = (
				31E159332732808C00984649 /* Actions */,
				31E159322732808000984649 /* Poses */,
			);
			path = MLModels;
			sourceTree = "<group>";
		};
		31E159322732808000984649 /* Poses */ = {
			isa = PBXGroup;
			children = (
				31CFCBA728316BEA008EA0E0 /* ASL_ILoveYou3.mlmodel */,
				31E159252730282F00984649 /* ASL_CO2.mlmodel */,
				315E793327D5246900BCDBCF /* ASL_HOLI10.mlmodel */,
				3133B0FC27B55E9300C5432E /* ASL_D.mlmodel */,
				3133B0F227B55E9300C5432E /* ASL_AIY7.mlmodel */,
				315E792B27D1C54000BCDBCF /* ASL_L2.mlmodel */,
				319D4EE728110769005DEF29 /* ASL_E10.mlmodel */,
				3133B0F627B55E9300C5432E /* ASL_I2.mlmodel */,
			);
			path = Poses;
			sourceTree = "<group>";
		};
		31E159332732808C00984649 /* Actions */ = {
			isa = PBXGroup;
			children = (
				31B1B1BE29556FDB0048819E /* ASL_Christmas3_1strain.mlmodel */,
				31C1D694292FF07800CB5BA7 /* ASL_ThanksgivingTurkey2_1strain.mlmodel */,
				31EAADC12927DA70004A9D9E /* ISL_Soccer_2strain.mlmodel */,
				3129F6DA291158D100775CC3 /* ASL_Soccer1_1strain.mlmodel */,
				3129F6D8291158BE00775CC3 /* ASL_Halloween2_1strain.mlmodel */,
				3129F6D6291158A300775CC3 /* ASL_Judge2_1strain.mlmodel */,
				312DF67328C3A0EC00260E85 /* ASL_Teacher_1_5strain.mlmodel */,
				31AA5E02286D688B00B65342 /* ASL_Tennis2_1_5strain.mlmodel */,
				31367543283BEB14002806A1 /* ASL_Celebrate.mlmodel */,
				319D4EE3281053A8005DEF29 /* ASL_Fire_1strain.mlmodel */,
				315CFC4727FB24BC002A1733 /* ASL_Easter_1strain.mlmodel */,
				315CFC4527FA93BD002A1733 /* ASL_Ambulance_1strain.mlmodel */,
				315E793B27DDDFF500BCDBCF /* ASL_YourWelcome2_0_5strain.mlmodel */,
				3105B30227B62853001DA13F /* ASL_Bathroom_0_5strain.mlmodel */,
				319F768F27B5624C0072850D /* ASL_Yes_0_5strain.mlmodel */,
				319F769027B5624D0072850D /* ASL_No_0_5strain.mlmodel */,
				314D2F2127B58B3A00EF7D3A /* ASL_Later_0_5strain.mlmodel */,
				3105B2FE27B619E8001DA13F /* ASL_Where_0_5strain.mlmodel */,
				3105B30627B63F19001DA13F /* ASL_Milk_0_5strain.mlmodel */,
				3105B30427B628EB001DA13F /* ASL_Goodbye_0_5strain.mlmodel */,
				3133B14D27B55ECE00C5432E /* ASL_Which.mlmodel */,
				3133B15227B55ECE00C5432E /* ASL_YourWelcome2.mlmodel */,
				31E1591F272EBA8500984649 /* ASL_J2s_1strain.mlmodel */,
				31E15917272E27E000984649 /* ASL_Z2s_1strain.mlmodel */,
			);
			path = Actions;
			sourceTree = "<group>";
		};
		32A6CCA239152BDC17147684 /* LICENSE */ = {
			isa = PBXGroup;
			children = (
				26547FACF06954AF783E23D9 /* LICENSE.txt */,
			);
			path = LICENSE;
			sourceTree = "<group>";
		};
		3DFF40B4B70C4CD3181B64B7 /* Configuration */ = {
			isa = PBXGroup;
			children = (
				72CC35B8245EF9E709BBCA67 /* SampleCode.xcconfig */,
			);
			name = Configuration;
			sourceTree = "<group>";
		};
		C4EB82DE248AEB7B00CD7D41 = {
			isa = PBXGroup;
			children = (
				C4EB82E9248AEB7B00CD7D41 /* HandPose */,
				3105B30D27B6489B001DA13F /* RecognizeOneSignCip */,
				3105B32527B6489E001DA13F /* RecognizeOneSignCipTests */,
				3105B32F27B6489E001DA13F /* RecognizeOneSignCipUITests */,
				C4EB82E8248AEB7B00CD7D41 /* Products */,
				3DFF40B4B70C4CD3181B64B7 /* Configuration */,
				32A6CCA239152BDC17147684 /* LICENSE */,
				3105B34E27B66575001DA13F /* Frameworks */,
			);
			sourceTree = "<group>";
		};
		C4EB82E8248AEB7B00CD7D41 /* Products */ = {
			isa = PBXGroup;
			children = (
				C4EB82E7248AEB7B00CD7D41 /* HandPose.app */,
				3105B30C27B6489B001DA13F /* RecognizeOneSignCip.app */,
				3105B32227B6489D001DA13F /* RecognizeOneSignCipTests.xctest */,
				3105B32C27B6489E001DA13F /* RecognizeOneSignCipUITests.xctest */,
			);
			name = Products;
			sourceTree = "<group>";
		};
		C4EB82E9248AEB7B00CD7D41 /* HandPose */ = {
			isa = PBXGroup;
			children = (
				314D2F1A27B56FCD00EF7D3A /* GoogleService-Info.plist */,
				3133B17327B560D100C5432E /* MyTableViewCell.swift */,
				3133B17127B55FE600C5432E /* Content.swift */,
				31E159312732807100984649 /* MLModels */,
				C475655A248AEBD800F111B8 /* CameraView.swift */,
				C475655C248AEBD900F111B8 /* CameraViewController.swift */,
				C475655B248AEBD800F111B8 /* HandGestureProcessor.swift */,
				C4EB82F5248AEB7B00CD7D41 /* LaunchScreen.storyboard */,
				C4EB82F0248AEB7B00CD7D41 /* Main.storyboard */,
				C4EB82EA248AEB7B00CD7D41 /* AppDelegate.swift */,
				C4EB82EC248AEB7B00CD7D41 /* SceneDelegate.swift */,
				C4EB82F3248AEB7B00CD7D41 /* Assets.xcassets */,
				C4756560248AEC4100F111B8 /* HandPose.entitlements */,
				C4EB82F8248AEB7B00CD7D41 /* Info.plist */,
				31E15927273070F200984649 /* ContentTableViewController.swift */,
				31E1592B27312C8D00984649 /* CustomTextViewController.swift */,
				31E1592F2731B2C300984649 /* MyNavigationController.swift */,
			);
			path = HandPose;
			sourceTree = "<group>";
		};
/* End PBXGroup section */

/* Begin PBXNativeTarget section */
		3105B30B27B6489B001DA13F /* RecognizeOneSignCip */ = {
			isa = PBXNativeTarget;
			buildConfigurationList = 3105B33727B6489E001DA13F /* Build configuration list for PBXNativeTarget "RecognizeOneSignCip" */;
			buildPhases = (
				3105B30827B6489B001DA13F /* Sources */,
				3105B30927B6489B001DA13F /* Frameworks */,
				3105B30A27B6489B001DA13F /* Resources */,
			);
			buildRules = (
			);
			dependencies = (
			);
			name = RecognizeOneSignCip;
			packageProductDependencies = (
				3105B34F27B66575001DA13F /* FirebaseAnalytics */,
				3105B35127B66575001DA13F /* FirebaseAnalyticsSwift-Beta */,
			);
			productName = RecognizeOneSignCip;
			productReference = 3105B30C27B6489B001DA13F /* RecognizeOneSignCip.app */;
			productType = "com.apple.product-type.application.on-demand-install-capable";
		};
		3105B32127B6489D001DA13F /* RecognizeOneSignCipTests */ = {
			isa = PBXNativeTarget;
			buildConfigurationList = 3105B33B27B6489E001DA13F /* Build configuration list for PBXNativeTarget "RecognizeOneSignCipTests" */;
			buildPhases = (
				3105B31E27B6489D001DA13F /* Sources */,
				3105B31F27B6489D001DA13F /* Frameworks */,
				3105B32027B6489D001DA13F /* Resources */,
			);
			buildRules = (
			);
			dependencies = (
				3105B32427B6489E001DA13F /* PBXTargetDependency */,
			);
			name = RecognizeOneSignCipTests;
			productName = RecognizeOneSignCipTests;
			productReference = 3105B32227B6489D001DA13F /* RecognizeOneSignCipTests.xctest */;
			productType = "com.apple.product-type.bundle.unit-test";
		};
		3105B32B27B6489E001DA13F /* RecognizeOneSignCipUITests */ = {
			isa = PBXNativeTarget;
			buildConfigurationList = 3105B33E27B6489E001DA13F /* Build configuration list for PBXNativeTarget "RecognizeOneSignCipUITests" */;
			buildPhases = (
				3105B32827B6489E001DA13F /* Sources */,
				3105B32927B6489E001DA13F /* Frameworks */,
				3105B32A27B6489E001DA13F /* Resources */,
			);
			buildRules = (
			);
			dependencies = (
				3105B32E27B6489E001DA13F /* PBXTargetDependency */,
			);
			name = RecognizeOneSignCipUITests;
			productName = RecognizeOneSignCipUITests;
			productReference = 3105B32C27B6489E001DA13F /* RecognizeOneSignCipUITests.xctest */;
			productType = "com.apple.product-type.bundle.ui-testing";
		};
		C4EB82E6248AEB7B00CD7D41 /* HandPose */ = {
			isa = PBXNativeTarget;
			buildConfigurationList = C4EB82FB248AEB7B00CD7D41 /* Build configuration list for PBXNativeTarget "HandPose" */;
			buildPhases = (
				C4EB82E3248AEB7B00CD7D41 /* Sources */,
				C4EB82E4248AEB7B00CD7D41 /* Frameworks */,
				C4EB82E5248AEB7B00CD7D41 /* Resources */,
				3105B33A27B6489E001DA13F /* Embed App Clips */,
			);
			buildRules = (
			);
			dependencies = (
			);
			name = HandPose;
			packageProductDependencies = (
				314D2F1D27B5722600EF7D3A /* FirebaseAnalytics */,
				314D2F1F27B5722600EF7D3A /* FirebaseAnalyticsSwift-Beta */,
			);
			productName = HandPose;
			productReference = C4EB82E7248AEB7B00CD7D41 /* HandPose.app */;
			productType = "com.apple.product-type.application";
		};
/* End PBXNativeTarget section */

/* Begin PBXProject section */
		C4EB82DF248AEB7B00CD7D41 /* Project object */ = {
			isa = PBXProject;
			attributes = {
				DefaultBuildSystemTypeForWorkspace = Latest;
				LastSwiftUpdateCheck = 1300;
				LastUpgradeCheck = 1200;
				ORGANIZATIONNAME = Apple;
				TargetAttributes = {
					3105B30B27B6489B001DA13F = {
						CreatedOnToolsVersion = 13.0;
					};
					3105B32127B6489D001DA13F = {
						CreatedOnToolsVersion = 13.0;
						TestTargetID = 3105B30B27B6489B001DA13F;
					};
					3105B32B27B6489E001DA13F = {
						CreatedOnToolsVersion = 13.0;
						TestTargetID = 3105B30B27B6489B001DA13F;
					};
					C4EB82E6248AEB7B00CD7D41 = {
						CreatedOnToolsVersion = 12.0;
					};
				};
			};
			buildConfigurationList = C4EB82E2248AEB7B00CD7D41 /* Build configuration list for PBXProject "HandPose" */;
			compatibilityVersion = "Xcode 9.3";
			developmentRegion = en;
			hasScannedForEncodings = 0;
			knownRegions = (
				en,
				Base,
			);
			mainGroup = C4EB82DE248AEB7B00CD7D41;
			packageReferences = (
				314D2F1C27B5722600EF7D3A /* XCRemoteSwiftPackageReference "firebase-ios-sdk" */,
			);
			productRefGroup = C4EB82E8248AEB7B00CD7D41 /* Products */;
			projectDirPath = "";
			projectRoot = "";
			targets = (
				C4EB82E6248AEB7B00CD7D41 /* HandPose */,
				3105B30B27B6489B001DA13F /* RecognizeOneSignCip */,
				3105B32127B6489D001DA13F /* RecognizeOneSignCipTests */,
				3105B32B27B6489E001DA13F /* RecognizeOneSignCipUITests */,
			);
		};
/* End PBXProject section */

/* Begin PBXResourcesBuildPhase section */
		3105B30A27B6489B001DA13F /* Resources */ = {
			isa = PBXResourcesBuildPhase;
			buildActionMask = 2147483647;
			files = (
				3105B31B27B6489D001DA13F /* LaunchScreen.storyboard in Resources */,
				3105B31827B6489D001DA13F /* Assets.xcassets in Resources */,
				3105B35527B66B12001DA13F /* GoogleService-Info.plist in Resources */,
				3105B31627B6489B001DA13F /* Main_xcode_created.storyboard in Resources */,
				3105B34B27B64D30001DA13F /* Main.storyboard in Resources */,
			);
			runOnlyForDeploymentPostprocessing = 0;
		};
		3105B32027B6489D001DA13F /* Resources */ = {
			isa = PBXResourcesBuildPhase;
			buildActionMask = 2147483647;
			files = (
			);
			runOnlyForDeploymentPostprocessing = 0;
		};
		3105B32A27B6489E001DA13F /* Resources */ = {
			isa = PBXResourcesBuildPhase;
			buildActionMask = 2147483647;
			files = (
			);
			runOnlyForDeploymentPostprocessing = 0;
		};
		C4EB82E5248AEB7B00CD7D41 /* Resources */ = {
			isa = PBXResourcesBuildPhase;
			buildActionMask = 2147483647;
			files = (
				C4EB82F7248AEB7B00CD7D41 /* LaunchScreen.storyboard in Resources */,
				314D2F1B27B56FCD00EF7D3A /* GoogleService-Info.plist in Resources */,
				C4EB82F4248AEB7B00CD7D41 /* Assets.xcassets in Resources */,
				C4EB82F2248AEB7B00CD7D41 /* Main.storyboard in Resources */,
			);
			runOnlyForDeploymentPostprocessing = 0;
		};
/* End PBXResourcesBuildPhase section */

/* Begin PBXSourcesBuildPhase section */
		3105B30827B6489B001DA13F /* Sources */ = {
			isa = PBXSourcesBuildPhase;
			buildActionMask = 2147483647;
			files = (
				3105B34D27B64D90001DA13F /* CameraViewController.swift in Sources */,
				3105B31327B6489B001DA13F /* ViewController.swift in Sources */,
				3105B34727B64935001DA13F /* MyNavigationController.swift in Sources */,
				3105B30F27B6489B001DA13F /* AppDelegate.swift in Sources */,
				3105B34327B648F1001DA13F /* CameraView.swift in Sources */,
				3105B34227B648E8001DA13F /* Content.swift in Sources */,
				3105B34527B6491E001DA13F /* HandGestureProcessor.swift in Sources */,
				3105B31127B6489B001DA13F /* SceneDelegate.swift in Sources */,
				3105B35727B68F19001DA13F /* ASL_ILoveYou.mlmodel in Sources */,
			);
			runOnlyForDeploymentPostprocessing = 0;
		};
		3105B31E27B6489D001DA13F /* Sources */ = {
			isa = PBXSourcesBuildPhase;
			buildActionMask = 2147483647;
			files = (
				3105B32727B6489E001DA13F /* RecognizeOneSignCipTests.swift in Sources */,
			);
			runOnlyForDeploymentPostprocessing = 0;
		};
		3105B32827B6489E001DA13F /* Sources */ = {
			isa = PBXSourcesBuildPhase;
			buildActionMask = 2147483647;
			files = (
				3105B33327B6489E001DA13F /* RecognizeOneSignCipUITestsLaunchTests.swift in Sources */,
				3105B33127B6489E001DA13F /* RecognizeOneSignCipUITests.swift in Sources */,
			);
			runOnlyForDeploymentPostprocessing = 0;
		};
		C4EB82E3248AEB7B00CD7D41 /* Sources */ = {
			isa = PBXSourcesBuildPhase;
			buildActionMask = 2147483647;
			files = (
				3133B17427B560D200C5432E /* MyTableViewCell.swift in Sources */,
				31EAADC22927DA70004A9D9E /* ISL_Soccer_2strain.mlmodel in Sources */,
				319F769227B5624D0072850D /* ASL_No_0_5strain.mlmodel in Sources */,
				315E793C27DDDFF500BCDBCF /* ASL_YourWelcome2_0_5strain.mlmodel in Sources */,
				315CFC4827FB24BC002A1733 /* ASL_Easter_1strain.mlmodel in Sources */,
				3133B16A27B55ECF00C5432E /* ASL_YourWelcome2.mlmodel in Sources */,
				31E15920272EBA8500984649 /* ASL_J2s_1strain.mlmodel in Sources */,
				3105B30727B63F19001DA13F /* ASL_Milk_0_5strain.mlmodel in Sources */,
				3129F6D7291158A400775CC3 /* ASL_Judge2_1strain.mlmodel in Sources */,
				3133B12527B55E9500C5432E /* ASL_D.mlmodel in Sources */,
				3133B11B27B55E9500C5432E /* ASL_AIY7.mlmodel in Sources */,
				31E15918272E27E000984649 /* ASL_Z2s_1strain.mlmodel in Sources */,
				315E793427D5246900BCDBCF /* ASL_HOLI10.mlmodel in Sources */,
				319D4EE4281053A8005DEF29 /* ASL_Fire_1strain.mlmodel in Sources */,
				3105B30327B62853001DA13F /* ASL_Bathroom_0_5strain.mlmodel in Sources */,
				31B1B1BF29556FDB0048819E /* ASL_Christmas3_1strain.mlmodel in Sources */,
				31CFCBA828316BEA008EA0E0 /* ASL_ILoveYou3.mlmodel in Sources */,
				C475655E248AEBD900F111B8 /* HandGestureProcessor.swift in Sources */,
				3133B16527B55ECF00C5432E /* ASL_Which.mlmodel in Sources */,
				C4EB82EB248AEB7B00CD7D41 /* AppDelegate.swift in Sources */,
				3133B11F27B55E9500C5432E /* ASL_I2.mlmodel in Sources */,
				31E1592C27312C8D00984649 /* CustomTextViewController.swift in Sources */,
				C4EB82ED248AEB7B00CD7D41 /* SceneDelegate.swift in Sources */,
				3105B30527B628EB001DA13F /* ASL_Goodbye_0_5strain.mlmodel in Sources */,
				319F769127B5624D0072850D /* ASL_Yes_0_5strain.mlmodel in Sources */,
				31E159262730283000984649 /* ASL_CO2.mlmodel in Sources */,
				31E15928273070F200984649 /* ContentTableViewController.swift in Sources */,
				3129F6D9291158BF00775CC3 /* ASL_Halloween2_1strain.mlmodel in Sources */,
				C475655D248AEBD900F111B8 /* CameraView.swift in Sources */,
				31C1D695292FF07800CB5BA7 /* ASL_ThanksgivingTurkey2_1strain.mlmodel in Sources */,
				3133B17227B55FE600C5432E /* Content.swift in Sources */,
				3105B2FF27B619E8001DA13F /* ASL_Where_0_5strain.mlmodel in Sources */,
				315CFC4627FA93BD002A1733 /* ASL_Ambulance_1strain.mlmodel in Sources */,
				319D4EE828110769005DEF29 /* ASL_E10.mlmodel in Sources */,
				31367544283BEB14002806A1 /* ASL_Celebrate.mlmodel in Sources */,
				315E792C27D1C54000BCDBCF /* ASL_L2.mlmodel in Sources */,
				314D2F2227B58B3B00EF7D3A /* ASL_Later_0_5strain.mlmodel in Sources */,
				3129F6DB291158D200775CC3 /* ASL_Soccer1_1strain.mlmodel in Sources */,
				31AA5E03286D688B00B65342 /* ASL_Tennis2_1_5strain.mlmodel in Sources */,
				31E159302731B2C300984649 /* MyNavigationController.swift in Sources */,
				C475655F248AEBD900F111B8 /* CameraViewController.swift in Sources */,
				312DF67428C3A0EC00260E85 /* ASL_Teacher_1_5strain.mlmodel in Sources */,
			);
			runOnlyForDeploymentPostprocessing = 0;
		};
/* End PBXSourcesBuildPhase section */

/* Begin PBXTargetDependency section */
		3105B32427B6489E001DA13F /* PBXTargetDependency */ = {
			isa = PBXTargetDependency;
			target = 3105B30B27B6489B001DA13F /* RecognizeOneSignCip */;
			targetProxy = 3105B32327B6489E001DA13F /* PBXContainerItemProxy */;
		};
		3105B32E27B6489E001DA13F /* PBXTargetDependency */ = {
			isa = PBXTargetDependency;
			target = 3105B30B27B6489B001DA13F /* RecognizeOneSignCip */;
			targetProxy = 3105B32D27B6489E001DA13F /* PBXContainerItemProxy */;
		};
/* End PBXTargetDependency section */

/* Begin PBXVariantGroup section */
		3105B31427B6489B001DA13F /* Main_xcode_created.storyboard */ = {
			isa = PBXVariantGroup;
			children = (
				3105B31527B6489B001DA13F /* Base */,
			);
			name = Main_xcode_created.storyboard;
			sourceTree = "<group>";
		};
		3105B31927B6489D001DA13F /* LaunchScreen.storyboard */ = {
			isa = PBXVariantGroup;
			children = (
				3105B31A27B6489D001DA13F /* Base */,
			);
			name = LaunchScreen.storyboard;
			sourceTree = "<group>";
		};
		3105B34927B64D30001DA13F /* Main.storyboard */ = {
			isa = PBXVariantGroup;
			children = (
				3105B34A27B64D30001DA13F /* Base */,
			);
			name = Main.storyboard;
			sourceTree = "<group>";
		};
		C4EB82F0248AEB7B00CD7D41 /* Main.storyboard */ = {
			isa = PBXVariantGroup;
			children = (
				C4EB82F1248AEB7B00CD7D41 /* Base */,
			);
			name = Main.storyboard;
			sourceTree = "<group>";
		};
		C4EB82F5248AEB7B00CD7D41 /* LaunchScreen.storyboard */ = {
			isa = PBXVariantGroup;
			children = (
				C4EB82F6248AEB7B00CD7D41 /* Base */,
			);
			name = LaunchScreen.storyboard;
			sourceTree = "<group>";
		};
/* End PBXVariantGroup section */

/* Begin XCBuildConfiguration section */
		3105B33827B6489E001DA13F /* Debug */ = {
			isa = XCBuildConfiguration;
			buildSettings = {
				ASSETCATALOG_COMPILER_APPICON_NAME = AppIcon;
				ASSETCATALOG_COMPILER_GLOBAL_ACCENT_COLOR_NAME = AccentColor;
				CLANG_CXX_LANGUAGE_STANDARD = "gnu++17";
				CODE_SIGN_ENTITLEMENTS = RecognizeOneSignCip/RecognizeOneSignCip.entitlements;
				CODE_SIGN_STYLE = Automatic;
				CURRENT_PROJECT_VERSION = 10;
				DEVELOPMENT_TEAM = B66JCRW7R4;
				GENERATE_INFOPLIST_FILE = YES;
				INFOPLIST_FILE = RecognizeOneSignCip/Info.plist;
				INFOPLIST_KEY_CFBundleDisplayName = "SLK-I Love You";
				INFOPLIST_KEY_NSCameraUsageDescription = "This application uses the camera to detect the signs you make with your hand.";
				INFOPLIST_KEY_UIApplicationSupportsIndirectInputEvents = YES;
				INFOPLIST_KEY_UILaunchStoryboardName = LaunchScreen;
				INFOPLIST_KEY_UIMainStoryboardFile = Main;
				INFOPLIST_KEY_UISupportedInterfaceOrientations_iPad = "UIInterfaceOrientationPortrait UIInterfaceOrientationPortraitUpsideDown UIInterfaceOrientationLandscapeLeft UIInterfaceOrientationLandscapeRight";
				INFOPLIST_KEY_UISupportedInterfaceOrientations_iPhone = "UIInterfaceOrientationPortrait UIInterfaceOrientationLandscapeLeft UIInterfaceOrientationLandscapeRight";
				IPHONEOS_DEPLOYMENT_TARGET = 15.0;
				LD_RUNPATH_SEARCH_PATHS = (
					"$(inherited)",
					"@executable_path/Frameworks",
				);
				MARKETING_VERSION = 1.0;
				PRODUCT_BUNDLE_IDENTIFIER = com.starsearth.six.Clip;
				PRODUCT_NAME = "$(TARGET_NAME)";
				SWIFT_EMIT_LOC_STRINGS = YES;
				SWIFT_VERSION = 5.0;
				TARGETED_DEVICE_FAMILY = 1;
			};
			name = Debug;
		};
		3105B33927B6489E001DA13F /* Release */ = {
			isa = XCBuildConfiguration;
			buildSettings = {
				ASSETCATALOG_COMPILER_APPICON_NAME = AppIcon;
				ASSETCATALOG_COMPILER_GLOBAL_ACCENT_COLOR_NAME = AccentColor;
				CLANG_CXX_LANGUAGE_STANDARD = "gnu++17";
				CODE_SIGN_ENTITLEMENTS = RecognizeOneSignCip/RecognizeOneSignCip.entitlements;
				CODE_SIGN_STYLE = Automatic;
				CURRENT_PROJECT_VERSION = 10;
				DEVELOPMENT_TEAM = B66JCRW7R4;
				GENERATE_INFOPLIST_FILE = YES;
				INFOPLIST_FILE = RecognizeOneSignCip/Info.plist;
				INFOPLIST_KEY_CFBundleDisplayName = "SLK-I Love You";
				INFOPLIST_KEY_NSCameraUsageDescription = "This application uses the camera to detect the signs you make with your hand.";
				INFOPLIST_KEY_UIApplicationSupportsIndirectInputEvents = YES;
				INFOPLIST_KEY_UILaunchStoryboardName = LaunchScreen;
				INFOPLIST_KEY_UIMainStoryboardFile = Main;
				INFOPLIST_KEY_UISupportedInterfaceOrientations_iPad = "UIInterfaceOrientationPortrait UIInterfaceOrientationPortraitUpsideDown UIInterfaceOrientationLandscapeLeft UIInterfaceOrientationLandscapeRight";
				INFOPLIST_KEY_UISupportedInterfaceOrientations_iPhone = "UIInterfaceOrientationPortrait UIInterfaceOrientationLandscapeLeft UIInterfaceOrientationLandscapeRight";
				IPHONEOS_DEPLOYMENT_TARGET = 15.0;
				LD_RUNPATH_SEARCH_PATHS = (
					"$(inherited)",
					"@executable_path/Frameworks",
				);
				MARKETING_VERSION = 1.0;
				PRODUCT_BUNDLE_IDENTIFIER = com.starsearth.six.Clip;
				PRODUCT_NAME = "$(TARGET_NAME)";
				SWIFT_EMIT_LOC_STRINGS = YES;
				SWIFT_VERSION = 5.0;
				TARGETED_DEVICE_FAMILY = 1;
			};
			name = Release;
		};
		3105B33C27B6489E001DA13F /* Debug */ = {
			isa = XCBuildConfiguration;
			buildSettings = {
				ALWAYS_EMBED_SWIFT_STANDARD_LIBRARIES = YES;
				BUNDLE_LOADER = "$(TEST_HOST)";
				CLANG_CXX_LANGUAGE_STANDARD = "gnu++17";
				CODE_SIGN_STYLE = Automatic;
				CURRENT_PROJECT_VERSION = 1;
				DEVELOPMENT_TEAM = B66JCRW7R4;
				GENERATE_INFOPLIST_FILE = YES;
				IPHONEOS_DEPLOYMENT_TARGET = 15.0;
				LD_RUNPATH_SEARCH_PATHS = (
					"$(inherited)",
					"@executable_path/Frameworks",
					"@loader_path/Frameworks",
				);
				MARKETING_VERSION = 1.0;
				PRODUCT_BUNDLE_IDENTIFIER = com.starsearth.six.RecognizeOneSignCipTests;
				PRODUCT_NAME = "$(TARGET_NAME)";
				SWIFT_EMIT_LOC_STRINGS = NO;
				SWIFT_VERSION = 5.0;
				TARGETED_DEVICE_FAMILY = "1,2";
				TEST_HOST = "$(BUILT_PRODUCTS_DIR)/RecognizeOneSignCip.app/RecognizeOneSignCip";
			};
			name = Debug;
		};
		3105B33D27B6489E001DA13F /* Release */ = {
			isa = XCBuildConfiguration;
			buildSettings = {
				ALWAYS_EMBED_SWIFT_STANDARD_LIBRARIES = YES;
				BUNDLE_LOADER = "$(TEST_HOST)";
				CLANG_CXX_LANGUAGE_STANDARD = "gnu++17";
				CODE_SIGN_STYLE = Automatic;
				CURRENT_PROJECT_VERSION = 1;
				DEVELOPMENT_TEAM = B66JCRW7R4;
				GENERATE_INFOPLIST_FILE = YES;
				IPHONEOS_DEPLOYMENT_TARGET = 15.0;
				LD_RUNPATH_SEARCH_PATHS = (
					"$(inherited)",
					"@executable_path/Frameworks",
					"@loader_path/Frameworks",
				);
				MARKETING_VERSION = 1.0;
				PRODUCT_BUNDLE_IDENTIFIER = com.starsearth.six.RecognizeOneSignCipTests;
				PRODUCT_NAME = "$(TARGET_NAME)";
				SWIFT_EMIT_LOC_STRINGS = NO;
				SWIFT_VERSION = 5.0;
				TARGETED_DEVICE_FAMILY = "1,2";
				TEST_HOST = "$(BUILT_PRODUCTS_DIR)/RecognizeOneSignCip.app/RecognizeOneSignCip";
			};
			name = Release;
		};
		3105B33F27B6489E001DA13F /* Debug */ = {
			isa = XCBuildConfiguration;
			buildSettings = {
				ALWAYS_EMBED_SWIFT_STANDARD_LIBRARIES = YES;
				CLANG_CXX_LANGUAGE_STANDARD = "gnu++17";
				CODE_SIGN_STYLE = Automatic;
				CURRENT_PROJECT_VERSION = 1;
				DEVELOPMENT_TEAM = B66JCRW7R4;
				GENERATE_INFOPLIST_FILE = YES;
				IPHONEOS_DEPLOYMENT_TARGET = 15.0;
				LD_RUNPATH_SEARCH_PATHS = (
					"$(inherited)",
					"@executable_path/Frameworks",
					"@loader_path/Frameworks",
				);
				MARKETING_VERSION = 1.0;
				PRODUCT_BUNDLE_IDENTIFIER = com.starsearth.six.RecognizeOneSignCipUITests;
				PRODUCT_NAME = "$(TARGET_NAME)";
				SWIFT_EMIT_LOC_STRINGS = NO;
				SWIFT_VERSION = 5.0;
				TARGETED_DEVICE_FAMILY = "1,2";
				TEST_TARGET_NAME = RecognizeOneSignCip;
			};
			name = Debug;
		};
		3105B34027B6489E001DA13F /* Release */ = {
			isa = XCBuildConfiguration;
			buildSettings = {
				ALWAYS_EMBED_SWIFT_STANDARD_LIBRARIES = YES;
				CLANG_CXX_LANGUAGE_STANDARD = "gnu++17";
				CODE_SIGN_STYLE = Automatic;
				CURRENT_PROJECT_VERSION = 1;
				DEVELOPMENT_TEAM = B66JCRW7R4;
				GENERATE_INFOPLIST_FILE = YES;
				IPHONEOS_DEPLOYMENT_TARGET = 15.0;
				LD_RUNPATH_SEARCH_PATHS = (
					"$(inherited)",
					"@executable_path/Frameworks",
					"@loader_path/Frameworks",
				);
				MARKETING_VERSION = 1.0;
				PRODUCT_BUNDLE_IDENTIFIER = com.starsearth.six.RecognizeOneSignCipUITests;
				PRODUCT_NAME = "$(TARGET_NAME)";
				SWIFT_EMIT_LOC_STRINGS = NO;
				SWIFT_VERSION = 5.0;
				TARGETED_DEVICE_FAMILY = "1,2";
				TEST_TARGET_NAME = RecognizeOneSignCip;
			};
			name = Release;
		};
		C4EB82F9248AEB7B00CD7D41 /* Debug */ = {
			isa = XCBuildConfiguration;
			baseConfigurationReference = 72CC35B8245EF9E709BBCA67 /* SampleCode.xcconfig */;
			buildSettings = {
				ALWAYS_SEARCH_USER_PATHS = NO;
				CLANG_ANALYZER_NONNULL = YES;
				CLANG_ANALYZER_NUMBER_OBJECT_CONVERSION = YES_AGGRESSIVE;
				CLANG_CXX_LANGUAGE_STANDARD = "gnu++14";
				CLANG_CXX_LIBRARY = "libc++";
				CLANG_ENABLE_MODULES = YES;
				CLANG_ENABLE_OBJC_ARC = YES;
				CLANG_ENABLE_OBJC_WEAK = YES;
				CLANG_WARN_BLOCK_CAPTURE_AUTORELEASING = YES;
				CLANG_WARN_BOOL_CONVERSION = YES;
				CLANG_WARN_COMMA = YES;
				CLANG_WARN_CONSTANT_CONVERSION = YES;
				CLANG_WARN_DEPRECATED_OBJC_IMPLEMENTATIONS = YES;
				CLANG_WARN_DIRECT_OBJC_ISA_USAGE = YES_ERROR;
				CLANG_WARN_DOCUMENTATION_COMMENTS = YES;
				CLANG_WARN_EMPTY_BODY = YES;
				CLANG_WARN_ENUM_CONVERSION = YES;
				CLANG_WARN_INFINITE_RECURSION = YES;
				CLANG_WARN_INT_CONVERSION = YES;
				CLANG_WARN_NON_LITERAL_NULL_CONVERSION = YES;
				CLANG_WARN_OBJC_IMPLICIT_RETAIN_SELF = YES;
				CLANG_WARN_OBJC_LITERAL_CONVERSION = YES;
				CLANG_WARN_OBJC_ROOT_CLASS = YES_ERROR;
				CLANG_WARN_QUOTED_INCLUDE_IN_FRAMEWORK_HEADER = YES;
				CLANG_WARN_RANGE_LOOP_ANALYSIS = YES;
				CLANG_WARN_STRICT_PROTOTYPES = YES;
				CLANG_WARN_SUSPICIOUS_MOVE = YES;
				CLANG_WARN_UNGUARDED_AVAILABILITY = YES_AGGRESSIVE;
				CLANG_WARN_UNREACHABLE_CODE = YES;
				CLANG_WARN__DUPLICATE_METHOD_MATCH = YES;
				COPY_PHASE_STRIP = NO;
				DEBUG_INFORMATION_FORMAT = dwarf;
				ENABLE_STRICT_OBJC_MSGSEND = YES;
				ENABLE_TESTABILITY = YES;
				GCC_C_LANGUAGE_STANDARD = gnu11;
				GCC_DYNAMIC_NO_PIC = NO;
				GCC_NO_COMMON_BLOCKS = YES;
				GCC_OPTIMIZATION_LEVEL = 0;
				GCC_PREPROCESSOR_DEFINITIONS = (
					"DEBUG=1",
					"$(inherited)",
				);
				GCC_WARN_64_TO_32_BIT_CONVERSION = YES;
				GCC_WARN_ABOUT_RETURN_TYPE = YES_ERROR;
				GCC_WARN_UNDECLARED_SELECTOR = YES;
				GCC_WARN_UNINITIALIZED_AUTOS = YES_AGGRESSIVE;
				GCC_WARN_UNUSED_FUNCTION = YES;
				GCC_WARN_UNUSED_VARIABLE = YES;
				IPHONEOS_DEPLOYMENT_TARGET = 14.0;
				MTL_ENABLE_DEBUG_INFO = INCLUDE_SOURCE;
				MTL_FAST_MATH = YES;
				ONLY_ACTIVE_ARCH = YES;
				SDKROOT = iphoneos;
				SWIFT_ACTIVE_COMPILATION_CONDITIONS = DEBUG;
				SWIFT_OPTIMIZATION_LEVEL = "-Onone";
			};
			name = Debug;
		};
		C4EB82FA248AEB7B00CD7D41 /* Release */ = {
			isa = XCBuildConfiguration;
			baseConfigurationReference = 72CC35B8245EF9E709BBCA67 /* SampleCode.xcconfig */;
			buildSettings = {
				ALWAYS_SEARCH_USER_PATHS = NO;
				CLANG_ANALYZER_NONNULL = YES;
				CLANG_ANALYZER_NUMBER_OBJECT_CONVERSION = YES_AGGRESSIVE;
				CLANG_CXX_LANGUAGE_STANDARD = "gnu++14";
				CLANG_CXX_LIBRARY = "libc++";
				CLANG_ENABLE_MODULES = YES;
				CLANG_ENABLE_OBJC_ARC = YES;
				CLANG_ENABLE_OBJC_WEAK = YES;
				CLANG_WARN_BLOCK_CAPTURE_AUTORELEASING = YES;
				CLANG_WARN_BOOL_CONVERSION = YES;
				CLANG_WARN_COMMA = YES;
				CLANG_WARN_CONSTANT_CONVERSION = YES;
				CLANG_WARN_DEPRECATED_OBJC_IMPLEMENTATIONS = YES;
				CLANG_WARN_DIRECT_OBJC_ISA_USAGE = YES_ERROR;
				CLANG_WARN_DOCUMENTATION_COMMENTS = YES;
				CLANG_WARN_EMPTY_BODY = YES;
				CLANG_WARN_ENUM_CONVERSION = YES;
				CLANG_WARN_INFINITE_RECURSION = YES;
				CLANG_WARN_INT_CONVERSION = YES;
				CLANG_WARN_NON_LITERAL_NULL_CONVERSION = YES;
				CLANG_WARN_OBJC_IMPLICIT_RETAIN_SELF = YES;
				CLANG_WARN_OBJC_LITERAL_CONVERSION = YES;
				CLANG_WARN_OBJC_ROOT_CLASS = YES_ERROR;
				CLANG_WARN_QUOTED_INCLUDE_IN_FRAMEWORK_HEADER = YES;
				CLANG_WARN_RANGE_LOOP_ANALYSIS = YES;
				CLANG_WARN_STRICT_PROTOTYPES = YES;
				CLANG_WARN_SUSPICIOUS_MOVE = YES;
				CLANG_WARN_UNGUARDED_AVAILABILITY = YES_AGGRESSIVE;
				CLANG_WARN_UNREACHABLE_CODE = YES;
				CLANG_WARN__DUPLICATE_METHOD_MATCH = YES;
				COPY_PHASE_STRIP = NO;
				DEBUG_INFORMATION_FORMAT = "dwarf-with-dsym";
				ENABLE_NS_ASSERTIONS = NO;
				ENABLE_STRICT_OBJC_MSGSEND = YES;
				GCC_C_LANGUAGE_STANDARD = gnu11;
				GCC_NO_COMMON_BLOCKS = YES;
				GCC_WARN_64_TO_32_BIT_CONVERSION = YES;
				GCC_WARN_ABOUT_RETURN_TYPE = YES_ERROR;
				GCC_WARN_UNDECLARED_SELECTOR = YES;
				GCC_WARN_UNINITIALIZED_AUTOS = YES_AGGRESSIVE;
				GCC_WARN_UNUSED_FUNCTION = YES;
				GCC_WARN_UNUSED_VARIABLE = YES;
				IPHONEOS_DEPLOYMENT_TARGET = 14.0;
				MTL_ENABLE_DEBUG_INFO = NO;
				MTL_FAST_MATH = YES;
				SDKROOT = iphoneos;
				SWIFT_COMPILATION_MODE = wholemodule;
				SWIFT_OPTIMIZATION_LEVEL = "-O";
				VALIDATE_PRODUCT = YES;
			};
			name = Release;
		};
		C4EB82FC248AEB7B00CD7D41 /* Debug */ = {
			isa = XCBuildConfiguration;
			baseConfigurationReference = 72CC35B8245EF9E709BBCA67 /* SampleCode.xcconfig */;
			buildSettings = {
				ALWAYS_EMBED_SWIFT_STANDARD_LIBRARIES = YES;
				ASSETCATALOG_COMPILER_APPICON_NAME = AppIcon;
				ASSETCATALOG_COMPILER_GLOBAL_ACCENT_COLOR_NAME = AccentColor;
				CODE_SIGN_ENTITLEMENTS = HandPose/HandPose.entitlements;
				CODE_SIGN_STYLE = Automatic;
				CURRENT_PROJECT_VERSION = 39;
				DEVELOPMENT_TEAM = B66JCRW7R4;
				INFOPLIST_FILE = HandPose/Info.plist;
				LD_RUNPATH_SEARCH_PATHS = (
					"$(inherited)",
					"@executable_path/Frameworks",
				);
				MARKETING_VERSION = 1.0.11;
				PRODUCT_BUNDLE_IDENTIFIER = com.starsearth.six;
				PRODUCT_NAME = "$(TARGET_NAME)";
				PROVISIONING_PROFILE_SPECIFIER = "";
				SUPPORTED_PLATFORMS = "iphoneos iphonesimulator";
				SUPPORTS_MACCATALYST = NO;
				SUPPORTS_MAC_DESIGNED_FOR_IPHONE_IPAD = YES;
				SWIFT_VERSION = 5.0;
				TARGETED_DEVICE_FAMILY = 1;
			};
			name = Debug;
		};
		C4EB82FD248AEB7B00CD7D41 /* Release */ = {
			isa = XCBuildConfiguration;
			baseConfigurationReference = 72CC35B8245EF9E709BBCA67 /* SampleCode.xcconfig */;
			buildSettings = {
				ALWAYS_EMBED_SWIFT_STANDARD_LIBRARIES = YES;
				ASSETCATALOG_COMPILER_APPICON_NAME = AppIcon;
				ASSETCATALOG_COMPILER_GLOBAL_ACCENT_COLOR_NAME = AccentColor;
				CODE_SIGN_ENTITLEMENTS = HandPose/HandPose.entitlements;
				CODE_SIGN_STYLE = Automatic;
				CURRENT_PROJECT_VERSION = 39;
				DEVELOPMENT_TEAM = B66JCRW7R4;
				INFOPLIST_FILE = HandPose/Info.plist;
				LD_RUNPATH_SEARCH_PATHS = (
					"$(inherited)",
					"@executable_path/Frameworks",
				);
				MARKETING_VERSION = 1.0.11;
				PRODUCT_BUNDLE_IDENTIFIER = com.starsearth.six;
				PRODUCT_NAME = "$(TARGET_NAME)";
				PROVISIONING_PROFILE_SPECIFIER = "";
				SUPPORTED_PLATFORMS = "iphoneos iphonesimulator";
				SUPPORTS_MACCATALYST = NO;
				SUPPORTS_MAC_DESIGNED_FOR_IPHONE_IPAD = YES;
				SWIFT_VERSION = 5.0;
				TARGETED_DEVICE_FAMILY = 1;
			};
			name = Release;
		};
/* End XCBuildConfiguration section */

/* Begin XCConfigurationList section */
		3105B33727B6489E001DA13F /* Build configuration list for PBXNativeTarget "RecognizeOneSignCip" */ = {
			isa = XCConfigurationList;
			buildConfigurations = (
				3105B33827B6489E001DA13F /* Debug */,
				3105B33927B6489E001DA13F /* Release */,
			);
			defaultConfigurationIsVisible = 0;
			defaultConfigurationName = Release;
		};
		3105B33B27B6489E001DA13F /* Build configuration list for PBXNativeTarget "RecognizeOneSignCipTests" */ = {
			isa = XCConfigurationList;
			buildConfigurations = (
				3105B33C27B6489E001DA13F /* Debug */,
				3105B33D27B6489E001DA13F /* Release */,
			);
			defaultConfigurationIsVisible = 0;
			defaultConfigurationName = Release;
		};
		3105B33E27B6489E001DA13F /* Build configuration list for PBXNativeTarget "RecognizeOneSignCipUITests" */ = {
			isa = XCConfigurationList;
			buildConfigurations = (
				3105B33F27B6489E001DA13F /* Debug */,
				3105B34027B6489E001DA13F /* Release */,
			);
			defaultConfigurationIsVisible = 0;
			defaultConfigurationName = Release;
		};
		C4EB82E2248AEB7B00CD7D41 /* Build configuration list for PBXProject "HandPose" */ = {
			isa = XCConfigurationList;
			buildConfigurations = (
				C4EB82F9248AEB7B00CD7D41 /* Debug */,
				C4EB82FA248AEB7B00CD7D41 /* Release */,
			);
			defaultConfigurationIsVisible = 0;
			defaultConfigurationName = Release;
		};
		C4EB82FB248AEB7B00CD7D41 /* Build configuration list for PBXNativeTarget "HandPose" */ = {
			isa = XCConfigurationList;
			buildConfigurations = (
				C4EB82FC248AEB7B00CD7D41 /* Debug */,
				C4EB82FD248AEB7B00CD7D41 /* Release */,
			);
			defaultConfigurationIsVisible = 0;
			defaultConfigurationName = Release;
		};
/* End XCConfigurationList section */

/* Begin XCRemoteSwiftPackageReference section */
		314D2F1C27B5722600EF7D3A /* XCRemoteSwiftPackageReference "firebase-ios-sdk" */ = {
			isa = XCRemoteSwiftPackageReference;
			repositoryURL = "https://github.com/firebase/firebase-ios-sdk";
			requirement = {
				kind = upToNextMajorVersion;
				minimumVersion = 8.0.0;
			};
		};
/* End XCRemoteSwiftPackageReference section */

/* Begin XCSwiftPackageProductDependency section */
		3105B34F27B66575001DA13F /* FirebaseAnalytics */ = {
			isa = XCSwiftPackageProductDependency;
			package = 314D2F1C27B5722600EF7D3A /* XCRemoteSwiftPackageReference "firebase-ios-sdk" */;
			productName = FirebaseAnalytics;
		};
		3105B35127B66575001DA13F /* FirebaseAnalyticsSwift-Beta */ = {
			isa = XCSwiftPackageProductDependency;
			package = 314D2F1C27B5722600EF7D3A /* XCRemoteSwiftPackageReference "firebase-ios-sdk" */;
			productName = "FirebaseAnalyticsSwift-Beta";
		};
		314D2F1D27B5722600EF7D3A /* FirebaseAnalytics */ = {
			isa = XCSwiftPackageProductDependency;
			package = 314D2F1C27B5722600EF7D3A /* XCRemoteSwiftPackageReference "firebase-ios-sdk" */;
			productName = FirebaseAnalytics;
		};
		314D2F1F27B5722600EF7D3A /* FirebaseAnalyticsSwift-Beta */ = {
			isa = XCSwiftPackageProductDependency;
			package = 314D2F1C27B5722600EF7D3A /* XCRemoteSwiftPackageReference "firebase-ios-sdk" */;
			productName = "FirebaseAnalyticsSwift-Beta";
		};
/* End XCSwiftPackageProductDependency section */
	};
	rootObject = C4EB82DF248AEB7B00CD7D41 /* Project object */;
}
